
Microsoft Visual Studio Solution File, Format Version 12.00
# Visual Studio 15
VisualStudioVersion = 15.0.26124.0
MinimumVisualStudioVersion = 15.0.26124.0
Project("{FAE04EC0-301F-11D3-BF4B-00C04F79EFBC}") = "ApiGateway", "ApiGateway\ApiGateway.csproj", "{DDEE0EC5-69B8-4B82-BFE5-ADE030DC0A74}"
EndProject
Project("{FAE04EC0-301F-11D3-BF4B-00C04F79EFBC}") = "MessagingService", "MessagingService\MessagingService.csproj", "{FD320FB0-8950-4B7E-B998-490CE3C67B1B}"
EndProject
Global
	GlobalSection(SolutionConfigurationPlatforms) = preSolution
		Debug|Any CPU = Debug|Any CPU
		Debug|x64 = Debug|x64
		Debug|x86 = Debug|x86
		Release|Any CPU = Release|Any CPU
		Release|x64 = Release|x64
		Release|x86 = Release|x86
	EndGlobalSection
	GlobalSection(SolutionProperties) = preSolution
		HideSolutionNode = FALSE
	EndGlobalSection
	GlobalSection(ProjectConfigurationPlatforms) = postSolution
		{DDEE0EC5-69B8-4B82-BFE5-ADE030DC0A74}.Debug|Any CPU.ActiveCfg = Debug|Any CPU
		{DDEE0EC5-69B8-4B82-BFE5-ADE030DC0A74}.Debug|Any CPU.Build.0 = Debug|Any CPU
		{DDEE0EC5-69B8-4B82-BFE5-ADE030DC0A74}.Debug|x64.ActiveCfg = Debug|Any CPU
		{DDEE0EC5-69B8-4B82-BFE5-ADE030DC0A74}.Debug|x64.Build.0 = Debug|Any CPU
		{DDEE0EC5-69B8-4B82-BFE5-ADE030DC0A74}.Debug|x86.ActiveCfg = Debug|Any CPU
		{DDEE0EC5-69B8-4B82-BFE5-ADE030DC0A74}.Debug|x86.Build.0 = Debug|Any CPU
		{DDEE0EC5-69B8-4B82-BFE5-ADE030DC0A74}.Release|Any CPU.ActiveCfg = Release|Any CPU
		{DDEE0EC5-69B8-4B82-BFE5-ADE030DC0A74}.Release|Any CPU.Build.0 = Release|Any CPU
		{DDEE0EC5-69B8-4B82-BFE5-ADE030DC0A74}.Release|x64.ActiveCfg = Release|Any CPU
		{DDEE0EC5-69B8-4B82-BFE5-ADE030DC0A74}.Release|x64.Build.0 = Release|Any CPU
		{DDEE0EC5-69B8-4B82-BFE5-ADE030DC0A74}.Release|x86.ActiveCfg = Release|Any CPU
		{DDEE0EC5-69B8-4B82-BFE5-ADE030DC0A74}.Release|x86.Build.0 = Release|Any CPU
		{FD320FB0-8950-4B7E-B998-490CE3C67B1B}.Debug|Any CPU.ActiveCfg = Debug|Any CPU
		{FD320FB0-8950-4B7E-B998-490CE3C67B1B}.Debug|Any CPU.Build.0 = Debug|Any CPU
		{FD320FB0-8950-4B7E-B998-490CE3C67B1B}.Debug|x64.ActiveCfg = Debug|Any CPU
		{FD320FB0-8950-4B7E-B998-490CE3C67B1B}.Debug|x64.Build.0 = Debug|Any CPU
		{FD320FB0-8950-4B7E-B998-490CE3C67B1B}.Debug|x86.ActiveCfg = Debug|Any CPU
		{FD320FB0-8950-4B7E-B998-490CE3C67B1B}.Debug|x86.Build.0 = Debug|Any CPU
		{FD320FB0-8950-4B7E-B998-490CE3C67B1B}.Release|Any CPU.ActiveCfg = Release|Any CPU
		{FD320FB0-8950-4B7E-B998-490CE3C67B1B}.Release|Any CPU.Build.0 = Release|Any CPU
		{FD320FB0-8950-4B7E-B998-490CE3C67B1B}.Release|x64.ActiveCfg = Release|Any CPU
		{FD320FB0-8950-4B7E-B998-490CE3C67B1B}.Release|x64.Build.0 = Release|Any CPU
		{FD320FB0-8950-4B7E-B998-490CE3C67B1B}.Release|x86.ActiveCfg = Release|Any CPU
		{FD320FB0-8950-4B7E-B998-490CE3C67B1B}.Release|x86.Build.0 = Release|Any CPU
	EndGlobalSection
EndGlobal
